
Microsoft Visual Studio Solution File, Format Version 12.00
# Visual Studio Version 17
VisualStudioVersion = 17.2.32505.173
MinimumVisualStudioVersion = 10.0.40219.1
Project("{FAE04EC0-301F-11D3-BF4B-00C04F79EFBC}") = "ConsoleApp13.6.2", "ConsoleApp13.6.2.csproj", "{0E1B67B3-C9AF-4997-A250-4CA6947C852D}"
EndProject
Global
	GlobalSection(SolutionConfigurationPlatforms) = preSolution
		Debug|Any CPU = Debug|Any CPU
		Release|Any CPU = Release|Any CPU
	EndGlobalSection
	GlobalSection(ProjectConfigurationPlatforms) = postSolution
		{0E1B67B3-C9AF-4997-A250-4CA6947C852D}.Debug|Any CPU.ActiveCfg = Debug|Any CPU
		{0E1B67B3-C9AF-4997-A250-4CA6947C852D}.Debug|Any CPU.Build.0 = Debug|Any CPU
		{0E1B67B3-C9AF-4997-A250-4CA6947C852D}.Release|Any CPU.ActiveCfg = Release|Any CPU
		{0E1B67B3-C9AF-4997-A250-4CA6947C852D}.Release|Any CPU.Build.0 = Release|Any CPU
	EndGlobalSection
	GlobalSection(SolutionProperties) = preSolution
		HideSolutionNode = FALSE
	EndGlobalSection
	GlobalSection(ExtensibilityGlobals) = postSolution
		SolutionGuid = {79022EB3-5AB9-44CA-A105-4F9ED22DFD41}
	EndGlobalSection
EndGlobal
